
Microsoft Visual Studio Solution File, Format Version 12.00
# Visual Studio 14
VisualStudioVersion = 14.0.23107.0
MinimumVisualStudioVersion = 10.0.40219.1
Project("{FAE04EC0-301F-11D3-BF4B-00C04F79EFBC}") = "BarcodePicker", "BarcodePicker\BarcodePicker.csproj", "{849F453F-EB6A-45BC-854D-B8F826811A81}"
EndProject
Project("{FAE04EC0-301F-11D3-BF4B-00C04F79EFBC}") = "BarcodePicker.UnitTest", "BarcodePicker.UnitTest\BarcodePicker.UnitTest.csproj", "{000CE805-C928-46F2-8091-B3F3E802F66B}"
EndProject
Global
	GlobalSection(SolutionConfigurationPlatforms) = preSolution
		Debug|Any CPU = Debug|Any CPU
		Release|Any CPU = Release|Any CPU
	EndGlobalSection
	GlobalSection(ProjectConfigurationPlatforms) = postSolution
		{849F453F-EB6A-45BC-854D-B8F826811A81}.Debug|Any CPU.ActiveCfg = Debug|Any CPU
		{849F453F-EB6A-45BC-854D-B8F826811A81}.Debug|Any CPU.Build.0 = Debug|Any CPU
		{849F453F-EB6A-45BC-854D-B8F826811A81}.Release|Any CPU.ActiveCfg = Release|Any CPU
		{849F453F-EB6A-45BC-854D-B8F826811A81}.Release|Any CPU.Build.0 = Release|Any CPU
		{000CE805-C928-46F2-8091-B3F3E802F66B}.Debug|Any CPU.ActiveCfg = Debug|Any CPU
		{000CE805-C928-46F2-8091-B3F3E802F66B}.Debug|Any CPU.Build.0 = Debug|Any CPU
		{000CE805-C928-46F2-8091-B3F3E802F66B}.Release|Any CPU.ActiveCfg = Release|Any CPU
		{000CE805-C928-46F2-8091-B3F3E802F66B}.Release|Any CPU.Build.0 = Release|Any CPU
	EndGlobalSection
	GlobalSection(SolutionProperties) = preSolution
		HideSolutionNode = FALSE
	EndGlobalSection
EndGlobal
